// !$*UTF8*$!
{
	archiveVersion = 1;
	classes = {
	};
	objectVersion = 50;
	objects = {

/* Begin PBXBuildFile section */
		7A355849210EA15000150E16 /* AppDelegate.swift in Sources */ = {isa = PBXBuildFile; fileRef = 7A355848210EA15000150E16 /* AppDelegate.swift */; };
		7A35584B210EA15000150E16 /* ViewController.swift in Sources */ = {isa = PBXBuildFile; fileRef = 7A35584A210EA15000150E16 /* ViewController.swift */; };
		7A35584E210EA15000150E16 /* Main.storyboard in Resources */ = {isa = PBXBuildFile; fileRef = 7A35584C210EA15000150E16 /* Main.storyboard */; };
		7A355850210EA15200150E16 /* Assets.xcassets in Resources */ = {isa = PBXBuildFile; fileRef = 7A35584F210EA15200150E16 /* Assets.xcassets */; };
		7A355853210EA15200150E16 /* LaunchScreen.storyboard in Resources */ = {isa = PBXBuildFile; fileRef = 7A355851210EA15200150E16 /* LaunchScreen.storyboard */; };
		7A35585B210EA1B100150E16 /* MQTabbarRootVC.storyboard in Resources */ = {isa = PBXBuildFile; fileRef = 7A35585A210EA1B100150E16 /* MQTabbarRootVC.storyboard */; };
		7A35585D210EA23300150E16 /* MQTabbarRootVC.swift in Sources */ = {isa = PBXBuildFile; fileRef = 7A35585C210EA23300150E16 /* MQTabbarRootVC.swift */; };
		7A35585F210EA26300150E16 /* MQTabbarViewController.swift in Sources */ = {isa = PBXBuildFile; fileRef = 7A35585E210EA26300150E16 /* MQTabbarViewController.swift */; };
		7A355862210EA2C900150E16 /* MQTabCell.swift in Sources */ = {isa = PBXBuildFile; fileRef = 7A355860210EA2C900150E16 /* MQTabCell.swift */; };
		7A355863210EA2C900150E16 /* MQTabCell.xib in Resources */ = {isa = PBXBuildFile; fileRef = 7A355861210EA2C900150E16 /* MQTabCell.xib */; };
		7A355866210EA53E00150E16 /* Root1VC.swift in Sources */ = {isa = PBXBuildFile; fileRef = 7A355864210EA53E00150E16 /* Root1VC.swift */; };
		7A355867210EA53E00150E16 /* Root1VC.xib in Resources */ = {isa = PBXBuildFile; fileRef = 7A355865210EA53E00150E16 /* Root1VC.xib */; };
		7A35586A210EA54C00150E16 /* Root2VC.swift in Sources */ = {isa = PBXBuildFile; fileRef = 7A355868210EA54C00150E16 /* Root2VC.swift */; };
		7A35586B210EA54C00150E16 /* Root2VC.xib in Resources */ = {isa = PBXBuildFile; fileRef = 7A355869210EA54C00150E16 /* Root2VC.xib */; };
		7A35586E210EA55C00150E16 /* Root3VC.swift in Sources */ = {isa = PBXBuildFile; fileRef = 7A35586C210EA55C00150E16 /* Root3VC.swift */; };
		7A35586F210EA55C00150E16 /* Root3VC.xib in Resources */ = {isa = PBXBuildFile; fileRef = 7A35586D210EA55C00150E16 /* Root3VC.xib */; };
		7A355872210EA56C00150E16 /* Root4VC.swift in Sources */ = {isa = PBXBuildFile; fileRef = 7A355870210EA56C00150E16 /* Root4VC.swift */; };
		7A355873210EA56C00150E16 /* Root4VC.xib in Resources */ = {isa = PBXBuildFile; fileRef = 7A355871210EA56C00150E16 /* Root4VC.xib */; };
/* End PBXBuildFile section */

/* Begin PBXFileReference section */
		7A355845210EA15000150E16 /* MQTabbarController.app */ = {isa = PBXFileReference; explicitFileType = wrapper.application; includeInIndex = 0; path = MQTabbarController.app; sourceTree = BUILT_PRODUCTS_DIR; };
		7A355848210EA15000150E16 /* AppDelegate.swift */ = {isa = PBXFileReference; lastKnownFileType = sourcecode.swift; path = AppDelegate.swift; sourceTree = "<group>"; };
		7A35584A210EA15000150E16 /* ViewController.swift */ = {isa = PBXFileReference; lastKnownFileType = sourcecode.swift; path = ViewController.swift; sourceTree = "<group>"; };
		7A35584D210EA15000150E16 /* Base */ = {isa = PBXFileReference; lastKnownFileType = file.storyboard; name = Base; path = Base.lproj/Main.storyboard; sourceTree = "<group>"; };
		7A35584F210EA15200150E16 /* Assets.xcassets */ = {isa = PBXFileReference; lastKnownFileType = folder.assetcatalog; path = Assets.xcassets; sourceTree = "<group>"; };
		7A355852210EA15200150E16 /* Base */ = {isa = PBXFileReference; lastKnownFileType = file.storyboard; name = Base; path = Base.lproj/LaunchScreen.storyboard; sourceTree = "<group>"; };
		7A355854210EA15200150E16 /* Info.plist */ = {isa = PBXFileReference; lastKnownFileType = text.plist.xml; path = Info.plist; sourceTree = "<group>"; };
		7A35585A210EA1B100150E16 /* MQTabbarRootVC.storyboard */ = {isa = PBXFileReference; lastKnownFileType = file.storyboard; path = MQTabbarRootVC.storyboard; sourceTree = "<group>"; };
		7A35585C210EA23300150E16 /* MQTabbarRootVC.swift */ = {isa = PBXFileReference; lastKnownFileType = sourcecode.swift; path = MQTabbarRootVC.swift; sourceTree = "<group>"; };
		7A35585E210EA26300150E16 /* MQTabbarViewController.swift */ = {isa = PBXFileReference; lastKnownFileType = sourcecode.swift; path = MQTabbarViewController.swift; sourceTree = "<group>"; };
		7A355860210EA2C900150E16 /* MQTabCell.swift */ = {isa = PBXFileReference; lastKnownFileType = sourcecode.swift; path = MQTabCell.swift; sourceTree = "<group>"; };
		7A355861210EA2C900150E16 /* MQTabCell.xib */ = {isa = PBXFileReference; lastKnownFileType = file.xib; path = MQTabCell.xib; sourceTree = "<group>"; };
		7A355864210EA53E00150E16 /* Root1VC.swift */ = {isa = PBXFileReference; lastKnownFileType = sourcecode.swift; path = Root1VC.swift; sourceTree = "<group>"; };
		7A355865210EA53E00150E16 /* Root1VC.xib */ = {isa = PBXFileReference; lastKnownFileType = file.xib; path = Root1VC.xib; sourceTree = "<group>"; };
		7A355868210EA54C00150E16 /* Root2VC.swift */ = {isa = PBXFileReference; lastKnownFileType = sourcecode.swift; path = Root2VC.swift; sourceTree = "<group>"; };
		7A355869210EA54C00150E16 /* Root2VC.xib */ = {isa = PBXFileReference; lastKnownFileType = file.xib; path = Root2VC.xib; sourceTree = "<group>"; };
		7A35586C210EA55C00150E16 /* Root3VC.swift */ = {isa = PBXFileReference; lastKnownFileType = sourcecode.swift; path = Root3VC.swift; sourceTree = "<group>"; };
		7A35586D210EA55C00150E16 /* Root3VC.xib */ = {isa = PBXFileReference; lastKnownFileType = file.xib; path = Root3VC.xib; sourceTree = "<group>"; };
		7A355870210EA56C00150E16 /* Root4VC.swift */ = {isa = PBXFileReference; lastKnownFileType = sourcecode.swift; path = Root4VC.swift; sourceTree = "<group>"; };
		7A355871210EA56C00150E16 /* Root4VC.xib */ = {isa = PBXFileReference; lastKnownFileType = file.xib; path = Root4VC.xib; sourceTree = "<group>"; };
/* End PBXFileReference section */

/* Begin PBXFrameworksBuildPhase section */
		7A355842210EA15000150E16 /* Frameworks */ = {
			isa = PBXFrameworksBuildPhase;
			buildActionMask = 2147483647;
			files = (
			);
			runOnlyForDeploymentPostprocessing = 0;
		};
/* End PBXFrameworksBuildPhase section */

/* Begin PBXGroup section */
		7A35583C210EA15000150E16 = {
			isa = PBXGroup;
			children = (
				7A355847210EA15000150E16 /* MQTabbarController */,
				7A355846210EA15000150E16 /* Products */,
			);
			sourceTree = "<group>";
		};
		7A355846210EA15000150E16 /* Products */ = {
			isa = PBXGroup;
			children = (
				7A355845210EA15000150E16 /* MQTabbarController.app */,
			);
			name = Products;
			sourceTree = "<group>";
		};
		7A355847210EA15000150E16 /* MQTabbarController */ = {
			isa = PBXGroup;
			children = (
				7A355848210EA15000150E16 /* AppDelegate.swift */,
				7A35584A210EA15000150E16 /* ViewController.swift */,
				7A35584C210EA15000150E16 /* Main.storyboard */,
				7A35585A210EA1B100150E16 /* MQTabbarRootVC.storyboard */,
				7A35585C210EA23300150E16 /* MQTabbarRootVC.swift */,
				7A35585E210EA26300150E16 /* MQTabbarViewController.swift */,
				7A355860210EA2C900150E16 /* MQTabCell.swift */,
				7A355861210EA2C900150E16 /* MQTabCell.xib */,
				7A355864210EA53E00150E16 /* Root1VC.swift */,
				7A355865210EA53E00150E16 /* Root1VC.xib */,
				7A355868210EA54C00150E16 /* Root2VC.swift */,
				7A355869210EA54C00150E16 /* Root2VC.xib */,
				7A35586C210EA55C00150E16 /* Root3VC.swift */,
				7A35586D210EA55C00150E16 /* Root3VC.xib */,
				7A355870210EA56C00150E16 /* Root4VC.swift */,
				7A355871210EA56C00150E16 /* Root4VC.xib */,
				7A35584F210EA15200150E16 /* Assets.xcassets */,
				7A355851210EA15200150E16 /* LaunchScreen.storyboard */,
				7A355854210EA15200150E16 /* Info.plist */,
			);
			path = MQTabbarController;
			sourceTree = "<group>";
		};
/* End PBXGroup section */

/* Begin PBXNativeTarget section */
		7A355844210EA15000150E16 /* MQTabbarController */ = {
			isa = PBXNativeTarget;
			buildConfigurationList = 7A355857210EA15200150E16 /* Build configuration list for PBXNativeTarget "MQTabbarController" */;
			buildPhases = (
				7A355841210EA15000150E16 /* Sources */,
				7A355842210EA15000150E16 /* Frameworks */,
				7A355843210EA15000150E16 /* Resources */,
			);
			buildRules = (
			);
			dependencies = (
			);
			name = MQTabbarController;
			productName = MQTabbarController;
			productReference = 7A355845210EA15000150E16 /* MQTabbarController.app */;
			productType = "com.apple.product-type.application";
		};
/* End PBXNativeTarget section */

/* Begin PBXProject section */
		7A35583D210EA15000150E16 /* Project object */ = {
			isa = PBXProject;
			attributes = {
				LastSwiftUpdateCheck = 0940;
				LastUpgradeCheck = 0940;
				ORGANIZATIONNAME = MQ;
				TargetAttributes = {
					7A355844210EA15000150E16 = {
						CreatedOnToolsVersion = 9.4.1;
					};
				};
			};
			buildConfigurationList = 7A355840210EA15000150E16 /* Build configuration list for PBXProject "MQTabbarController" */;
			compatibilityVersion = "Xcode 9.3";
			developmentRegion = en;
			hasScannedForEncodings = 0;
			knownRegions = (
				en,
				Base,
			);
			mainGroup = 7A35583C210EA15000150E16;
			productRefGroup = 7A355846210EA15000150E16 /* Products */;
			projectDirPath = "";
			projectRoot = "";
			targets = (
				7A355844210EA15000150E16 /* MQTabbarController */,
			);
		};
/* End PBXProject section */

/* Begin PBXResourcesBuildPhase section */
		7A355843210EA15000150E16 /* Resources */ = {
			isa = PBXResourcesBuildPhase;
			buildActionMask = 2147483647;
			files = (
				7A35586B210EA54C00150E16 /* Root2VC.xib in Resources */,
				7A355867210EA53E00150E16 /* Root1VC.xib in Resources */,
				7A355853210EA15200150E16 /* LaunchScreen.storyboard in Resources */,
				7A355873210EA56C00150E16 /* Root4VC.xib in Resources */,
				7A355850210EA15200150E16 /* Assets.xcassets in Resources */,
				7A35586F210EA55C00150E16 /* Root3VC.xib in Resources */,
				7A355863210EA2C900150E16 /* MQTabCell.xib in Resources */,
				7A35584E210EA15000150E16 /* Main.storyboard in Resources */,
				7A35585B210EA1B100150E16 /* MQTabbarRootVC.storyboard in Resources */,
			);
			runOnlyForDeploymentPostprocessing = 0;
		};
/* End PBXResourcesBuildPhase section */

/* Begin PBXSourcesBuildPhase section */
		7A355841210EA15000150E16 /* Sources */ = {
			isa = PBXSourcesBuildPhase;
			buildActionMask = 2147483647;
			files = (
				7A35586E210EA55C00150E16 /* Root3VC.swift in Sources */,
				7A355866210EA53E00150E16 /* Root1VC.swift in Sources */,
				7A35586A210EA54C00150E16 /* Root2VC.swift in Sources */,
				7A355862210EA2C900150E16 /* MQTabCell.swift in Sources */,
				7A355872210EA56C00150E16 /* Root4VC.swift in Sources */,
				7A35585F210EA26300150E16 /* MQTabbarViewController.swift in Sources */,
				7A35584B210EA15000150E16 /* ViewController.swift in Sources */,
				7A355849210EA15000150E16 /* AppDelegate.swift in Sources */,
				7A35585D210EA23300150E16 /* MQTabbarRootVC.swift in Sources */,
			);
			runOnlyForDeploymentPostprocessing = 0;
		};
/* End PBXSourcesBuildPhase section */

/* Begin PBXVariantGroup section */
		7A35584C210EA15000150E16 /* Main.storyboard */ = {
			isa = PBXVariantGroup;
			children = (
				7A35584D210EA15000150E16 /* Base */,
			);
			name = Main.storyboard;
			sourceTree = "<group>";
		};
		7A355851210EA15200150E16 /* LaunchScreen.storyboard */ = {
			isa = PBXVariantGroup;
			children = (
				7A355852210EA15200150E16 /* Base */,
			);
			name = LaunchScreen.storyboard;
			sourceTree = "<group>";
		};
/* End PBXVariantGroup section */

/* Begin XCBuildConfiguration section */
		7A355855210EA15200150E16 /* Debug */ = {
			isa = XCBuildConfiguration;
			buildSettings = {
				ALWAYS_SEARCH_USER_PATHS = NO;
				CLANG_ANALYZER_NONNULL = YES;
				CLANG_ANALYZER_NUMBER_OBJECT_CONVERSION = YES_AGGRESSIVE;
				CLANG_CXX_LANGUAGE_STANDARD = "gnu++14";
				CLANG_CXX_LIBRARY = "libc++";
				CLANG_ENABLE_MODULES = YES;
				CLANG_ENABLE_OBJC_ARC = YES;
				CLANG_ENABLE_OBJC_WEAK = YES;
				CLANG_WARN_BLOCK_CAPTURE_AUTORELEASING = YES;
				CLANG_WARN_BOOL_CONVERSION = YES;
				CLANG_WARN_COMMA = YES;
				CLANG_WARN_CONSTANT_CONVERSION = YES;
				CLANG_WARN_DEPRECATED_OBJC_IMPLEMENTATIONS = YES;
				CLANG_WARN_DIRECT_OBJC_ISA_USAGE = YES_ERROR;
				CLANG_WARN_DOCUMENTATION_COMMENTS = YES;
				CLANG_WARN_EMPTY_BODY = YES;
				CLANG_WARN_ENUM_CONVERSION = YES;
				CLANG_WARN_INFINITE_RECURSION = YES;
				CLANG_WARN_INT_CONVERSION = YES;
				CLANG_WARN_NON_LITERAL_NULL_CONVERSION = YES;
				CLANG_WARN_OBJC_IMPLICIT_RETAIN_SELF = YES;
				CLANG_WARN_OBJC_LITERAL_CONVERSION = YES;
				CLANG_WARN_OBJC_ROOT_CLASS = YES_ERROR;
				CLANG_WARN_RANGE_LOOP_ANALYSIS = YES;
				CLANG_WARN_STRICT_PROTOTYPES = YES;
				CLANG_WARN_SUSPICIOUS_MOVE = YES;
				CLANG_WARN_UNGUARDED_AVAILABILITY = YES_AGGRESSIVE;
				CLANG_WARN_UNREACHABLE_CODE = YES;
				CLANG_WARN__DUPLICATE_METHOD_MATCH = YES;
				CODE_SIGN_IDENTITY = "iPhone Developer";
				COPY_PHASE_STRIP = NO;
				DEBUG_INFORMATION_FORMAT = dwarf;
				ENABLE_STRICT_OBJC_MSGSEND = YES;
				ENABLE_TESTABILITY = YES;
				GCC_C_LANGUAGE_STANDARD = gnu11;
				GCC_DYNAMIC_NO_PIC = NO;
				GCC_NO_COMMON_BLOCKS = YES;
				GCC_OPTIMIZATION_LEVEL = 0;
				GCC_PREPROCESSOR_DEFINITIONS = (
					"DEBUG=1",
					"$(inherited)",
				);
				GCC_WARN_64_TO_32_BIT_CONVERSION = YES;
				GCC_WARN_ABOUT_RETURN_TYPE = YES_ERROR;
				GCC_WARN_UNDECLARED_SELECTOR = YES;
				GCC_WARN_UNINITIALIZED_AUTOS = YES_AGGRESSIVE;
				GCC_WARN_UNUSED_FUNCTION = YES;
				GCC_WARN_UNUSED_VARIABLE = YES;
				IPHONEOS_DEPLOYMENT_TARGET = 11.4;
				MTL_ENABLE_DEBUG_INFO = YES;
				ONLY_ACTIVE_ARCH = YES;
				SDKROOT = iphoneos;
				SWIFT_ACTIVE_COMPILATION_CONDITIONS = DEBUG;
				SWIFT_OPTIMIZATION_LEVEL = "-Onone";
			};
			name = Debug;
		};
		7A355856210EA15200150E16 /* Release */ = {
			isa = XCBuildConfiguration;
			buildSettings = {
				ALWAYS_SEARCH_USER_PATHS = NO;
				CLANG_ANALYZER_NONNULL = YES;
				CLANG_ANALYZER_NUMBER_OBJECT_CONVERSION = YES_AGGRESSIVE;
				CLANG_CXX_LANGUAGE_STANDARD = "gnu++14";
				CLANG_CXX_LIBRARY = "libc++";
				CLANG_ENABLE_MODULES = YES;
				CLANG_ENABLE_OBJC_ARC = YES;
				CLANG_ENABLE_OBJC_WEAK = YES;
				CLANG_WARN_BLOCK_CAPTURE_AUTORELEASING = YES;
				CLANG_WARN_BOOL_CONVERSION = YES;
				CLANG_WARN_COMMA = YES;
				CLANG_WARN_CONSTANT_CONVERSION = YES;
				CLANG_WARN_DEPRECATED_OBJC_IMPLEMENTATIONS = YES;
				CLANG_WARN_DIRECT_OBJC_ISA_USAGE = YES_ERROR;
				CLANG_WARN_DOCUMENTATION_COMMENTS = YES;
				CLANG_WARN_EMPTY_BODY = YES;
				CLANG_WARN_ENUM_CONVERSION = YES;
				CLANG_WARN_INFINITE_RECURSION = YES;
				CLANG_WARN_INT_CONVERSION = YES;
				CLANG_WARN_NON_LITERAL_NULL_CONVERSION = YES;
				CLANG_WARN_OBJC_IMPLICIT_RETAIN_SELF = YES;
				CLANG_WARN_OBJC_LITERAL_CONVERSION = YES;
				CLANG_WARN_OBJC_ROOT_CLASS = YES_ERROR;
				CLANG_WARN_RANGE_LOOP_ANALYSIS = YES;
				CLANG_WARN_STRICT_PROTOTYPES = YES;
				CLANG_WARN_SUSPICIOUS_MOVE = YES;
				CLANG_WARN_UNGUARDED_AVAILABILITY = YES_AGGRESSIVE;
				CLANG_WARN_UNREACHABLE_CODE = YES;
				CLANG_WARN__DUPLICATE_METHOD_MATCH = YES;
				CODE_SIGN_IDENTITY = "iPhone Developer";
				COPY_PHASE_STRIP = NO;
				DEBUG_INFORMATION_FORMAT = "dwarf-with-dsym";
				ENABLE_NS_ASSERTIONS = NO;
				ENABLE_STRICT_OBJC_MSGSEND = YES;
				GCC_C_LANGUAGE_STANDARD = gnu11;
				GCC_NO_COMMON_BLOCKS = YES;
				GCC_WARN_64_TO_32_BIT_CONVERSION = YES;
				GCC_WARN_ABOUT_RETURN_TYPE = YES_ERROR;
				GCC_WARN_UNDECLARED_SELECTOR = YES;
				GCC_WARN_UNINITIALIZED_AUTOS = YES_AGGRESSIVE;
				GCC_WARN_UNUSED_FUNCTION = YES;
				GCC_WARN_UNUSED_VARIABLE = YES;
				IPHONEOS_DEPLOYMENT_TARGET = 11.4;
				MTL_ENABLE_DEBUG_INFO = NO;
				SDKROOT = iphoneos;
				SWIFT_COMPILATION_MODE = wholemodule;
				SWIFT_OPTIMIZATION_LEVEL = "-O";
				VALIDATE_PRODUCT = YES;
			};
			name = Release;
		};
		7A355858210EA15200150E16 /* Debug */ = {
			isa = XCBuildConfiguration;
			buildSettings = {
				ASSETCATALOG_COMPILER_APPICON_NAME = AppIcon;
				CODE_SIGN_STYLE = Automatic;
				DEVELOPMENT_TEAM = H4384M9Z5J;
				INFOPLIST_FILE = MQTabbarController/Info.plist;
				LD_RUNPATH_SEARCH_PATHS = (
					"$(inherited)",
					"@executable_path/Frameworks",
				);
				PRODUCT_BUNDLE_IDENTIFIER = com.MQ.MQTabbarController;
				PRODUCT_NAME = "$(TARGET_NAME)";
				SWIFT_VERSION = 4.0;
				TARGETED_DEVICE_FAMILY = "1,2";
			};
			name = Debug;
		};
		7A355859210EA15200150E16 /* Release */ = {
			isa = XCBuildConfiguration;
			buildSettings = {
				ASSETCATALOG_COMPILER_APPICON_NAME = AppIcon;
				CODE_SIGN_STYLE = Automatic;
				DEVELOPMENT_TEAM = H4384M9Z5J;
				INFOPLIST_FILE = MQTabbarController/Info.plist;
				LD_RUNPATH_SEARCH_PATHS = (
					"$(inherited)",
					"@executable_path/Frameworks",
				);
				PRODUCT_BUNDLE_IDENTIFIER = com.MQ.MQTabbarController;
				PRODUCT_NAME = "$(TARGET_NAME)";
				SWIFT_VERSION = 4.0;
				TARGETED_DEVICE_FAMILY = "1,2";
			};
			name = Release;
		};
/* End XCBuildConfiguration section */

/* Begin XCConfigurationList section */
		7A355840210EA15000150E16 /* Build configuration list for PBXProject "MQTabbarController" */ = {
			isa = XCConfigurationList;
			buildConfigurations = (
				7A355855210EA15200150E16 /* Debug */,
				7A355856210EA15200150E16 /* Release */,
			);
			defaultConfigurationIsVisible = 0;
			defaultConfigurationName = Release;
		};
		7A355857210EA15200150E16 /* Build configuration list for PBXNativeTarget "MQTabbarController" */ = {
			isa = XCConfigurationList;
			buildConfigurations = (
				7A355858210EA15200150E16 /* Debug */,
				7A355859210EA15200150E16 /* Release */,
			);
			defaultConfigurationIsVisible = 0;
			defaultConfigurationName = Release;
		};
/* End XCConfigurationList section */
	};
	rootObject = 7A35583D210EA15000150E16 /* Project object */;
}
